# THIS IS AN AUTOGENERATED FILE. DO NOT EDIT THIS FILE DIRECTLY.
# yarn lockfile v1


readts@^0.1.0:
  version "0.1.0"
  resolved "https://registry.yarnpkg.com/readts/-/readts-0.1.0.tgz#4d9009858509e4eb06460d95a54f00ca6efa7654"

typescript@^2.6.2:
  version "2.6.2"
  resolved "https://registry.yarnpkg.com/typescript/-/typescript-2.6.2.tgz#3c5b6fd7f6de0914269027f03c0946758f7673a4"
