# THIS IS AN AUTOGENERATED FILE. DO NOT EDIT THIS FILE DIRECTLY.
# yarn lockfile v1


"@babel/runtime@7.0.0-rc.1":
  version "7.0.0-rc.1"
  resolved "https://registry.yarnpkg.com/@babel/runtime/-/runtime-7.0.0-rc.1.tgz#42f36fc5817911c89ea75da2b874054922967616"
  integrity sha512-Nifv2kwP/nwR39cAOasNxzjYfpeuf/ZbZNtQz5eYxWTC9yHARU9wItFnAwz1GTZ62MU+AtSjzZPMbLK5Q9hmbg==
  dependencies:
    regenerator-runtime "^0.12.0"

"@babel/runtime@^7.0.0":
  version "7.0.0"
  resolved "https://registry.yarnpkg.com/@babel/runtime/-/runtime-7.0.0.tgz#adeb78fedfc855aa05bc041640f3f6f98e85424c"
  integrity sha512-7hGhzlcmg01CvH1EHdSPVXYX1aJ8KCEyz6I9xYIi/asDtzBPMyMhVibhM/K6g/5qnKBwjZtp10bNZIEFTRW1MA==
  dependencies:
    regenerator-runtime "^0.12.0"

"@babel/runtime@^7.2.0":
  version "7.3.4"
  resolved "https://registry.yarnpkg.com/@babel/runtime/-/runtime-7.3.4.tgz#73d12ba819e365fcf7fd152aed56d6df97d21c83"
  integrity sha512-IvfvnMdSaLBateu0jfsYIpZTxAc2cKEXEMiezGGN75QcBcecDUKd3PgLAncT0oOgxKy8dd8hrJKj9MfzgfZd6g==
  dependencies:
    regenerator-runtime "^0.12.0"

"@babel/runtime@^7.3.1":
  version "7.4.4"
  resolved "https://registry.yarnpkg.com/@babel/runtime/-/runtime-7.4.4.tgz#dc2e34982eb236803aa27a07fea6857af1b9171d"
  integrity sha512-w0+uT71b6Yi7i5SE0co4NioIpSYS6lLiXvCzWzGSKvpK5vdQtCbICHMj+gbAKAOtxiV6HsVh/MBdaF9EQ6faSg==
  dependencies:
    regenerator-runtime "^0.13.2"

"@emotion/hash@^0.7.1":
  version "0.7.1"
  resolved "https://registry.yarnpkg.com/@emotion/hash/-/hash-0.7.1.tgz#9833722341379fb7d67f06a4b00ab3c37913da53"
  integrity sha512-OYpa/Sg+2GDX+jibUfpZVn1YqSVRpYmTLF2eyAfrFTIJSbwyIrc+YscayoykvaOME/wV4BV0Sa0yqdMrgse6mA==

"@material-ui/core@3.9.3":
  version "3.9.3"
  resolved "https://registry.yarnpkg.com/@material-ui/core/-/core-3.9.3.tgz#d378c1f4beb18df9a534ca7258c2c33fb8e0e51f"
  integrity sha512-REIj62+zEvTgI/C//YL4fZxrCVIySygmpZglsu/Nl5jPqy3CDjZv1F9ubBYorHqmRgeVPh64EghMMWqk4egmfg==
  dependencies:
    "@babel/runtime" "^7.2.0"
    "@material-ui/system" "^3.0.0-alpha.0"
    "@material-ui/utils" "^3.0.0-alpha.2"
    "@types/jss" "^9.5.6"
    "@types/react-transition-group" "^2.0.8"
    brcast "^3.0.1"
    classnames "^2.2.5"
    csstype "^2.5.2"
    debounce "^1.1.0"
    deepmerge "^3.0.0"
    dom-helpers "^3.2.1"
    hoist-non-react-statics "^3.2.1"
    is-plain-object "^2.0.4"
    jss "^9.8.7"
    jss-camel-case "^6.0.0"
    jss-default-unit "^8.0.2"
    jss-global "^3.0.0"
    jss-nested "^6.0.1"
    jss-props-sort "^6.0.0"
    jss-vendor-prefixer "^7.0.0"
    normalize-scroll-left "^0.1.2"
    popper.js "^1.14.1"
    prop-types "^15.6.0"
    react-event-listener "^0.6.2"
    react-transition-group "^2.2.1"
    recompose "0.28.0 - 0.30.0"
    warning "^4.0.1"

"@material-ui/styles@3.0.0-alpha.10":
  version "3.0.0-alpha.10"
  resolved "https://registry.yarnpkg.com/@material-ui/styles/-/styles-3.0.0-alpha.10.tgz#4c28a6d6dacb1fb71aff4642f92b63232a3f298d"
  integrity sha512-qJ5eiupBPRCNlMCDZ2G5h8auBtBtm8uT/oCUAJ/FqhO5oC7POLmmvDN1Cq1cgAmqQnaL6uN5mAM1Gc90GpKr9A==
  dependencies:
    "@babel/runtime" "^7.2.0"
    "@emotion/hash" "^0.7.1"
    "@material-ui/utils" "^3.0.0-alpha.2"
    classnames "^2.2.5"
    deepmerge "^3.0.0"
    hoist-non-react-statics "^3.2.1"
    jss "^10.0.0-alpha.7"
    jss-plugin-camel-case "^10.0.0-alpha.7"
    jss-plugin-default-unit "^10.0.0-alpha.7"
    jss-plugin-global "^10.0.0-alpha.7"
    jss-plugin-nested "^10.0.0-alpha.7"
    jss-plugin-props-sort "^10.0.0-alpha.7"
    jss-plugin-rule-value-function "^10.0.0-alpha.7"
    jss-plugin-vendor-prefixer "^10.0.0-alpha.7"
    prop-types "^15.6.0"
    warning "^4.0.1"

"@material-ui/system@^3.0.0-alpha.0":
  version "3.0.0-alpha.2"
  resolved "https://registry.yarnpkg.com/@material-ui/system/-/system-3.0.0-alpha.2.tgz#096e80c8bb0f70aea435b9e38ea7749ee77b4e46"
  integrity sha512-odmxQ0peKpP7RQBQ8koly06YhsPzcoVib1vByVPBH4QhwqBXuYoqlCjt02846fYspAqkrWzjxnWUD311EBbxOA==
  dependencies:
    "@babel/runtime" "^7.2.0"
    deepmerge "^3.0.0"
    prop-types "^15.6.0"
    warning "^4.0.1"

"@material-ui/utils@^3.0.0-alpha.2":
  version "3.0.0-alpha.3"
  resolved "https://registry.yarnpkg.com/@material-ui/utils/-/utils-3.0.0-alpha.3.tgz#836c62ea46f5ffc6f0b5ea05ab814704a86908b1"
  integrity sha512-rwMdMZptX0DivkqBuC+Jdq7BYTXwqKai5G5ejPpuEDKpWzi1Oxp+LygGw329FrKpuKeiqpcymlqJTjmy+quWng==
  dependencies:
    "@babel/runtime" "^7.2.0"
    prop-types "^15.6.0"
    react-is "^16.6.3"

"@types/jss@^9.5.6":
  version "9.5.7"
  resolved "https://registry.yarnpkg.com/@types/jss/-/jss-9.5.7.tgz#fa57a6d0b38a3abef8a425e3eb6a53495cb9d5a0"
  integrity sha512-OZimStu2QdDMtZ0h72JXqvLVbWUjXd5ZLk8vxLmfuC/nM1AabRyyGoxSufnzixrbpEcVcyy/JV5qeQu2JnjVZw==
  dependencies:
    csstype "^2.0.0"
    indefinite-observable "^1.0.1"

"@types/prop-types@*":
  version "15.5.5"
  resolved "https://registry.yarnpkg.com/@types/prop-types/-/prop-types-15.5.5.tgz#17038dd322c2325f5da650a94d5f9974943625e3"
  integrity sha512-mOrlCEdwX3seT3n0AXNt4KNPAZZxcsABUHwBgFXOt+nvFUXkxCAO6UBJHPrDxWEa2KDMil86355fjo8jbZ+K0Q==
  dependencies:
    "@types/react" "*"

"@types/react-transition-group@^2.0.8":
  version "2.0.14"
  resolved "https://registry.yarnpkg.com/@types/react-transition-group/-/react-transition-group-2.0.14.tgz#afd0cd785a97f070b55765e9f9d76ff568269001"
  integrity sha512-pa7qB0/mkhwWMBFoXhX8BcntK8G4eQl4sIfSrJCxnivTYRQWjOWf2ClR9bWdm0EUFBDHzMbKYS+QYfDtBzkY4w==
  dependencies:
    "@types/react" "*"

"@types/react@*":
  version "16.4.14"
  resolved "https://registry.yarnpkg.com/@types/react/-/react-16.4.14.tgz#47c604c8e46ed674bbdf4aabf82b34b9041c6a04"
  integrity sha512-Gh8irag2dbZ2K6vPn+S8+LNrULuG3zlCgJjVUrvuiUK7waw9d9CFk2A/tZFyGhcMDUyO7tznbx1ZasqlAGjHxA==
  dependencies:
    "@types/prop-types" "*"
    csstype "^2.2.0"

asap@~2.0.3:
  version "2.0.6"
  resolved "https://registry.yarnpkg.com/asap/-/asap-2.0.6.tgz#e50347611d7e690943208bbdafebcbc2fb866d46"
  integrity sha1-5QNHYR1+aQlDIIu9r+vLwvuGbUY=

brcast@^3.0.1:
  version "3.0.1"
  resolved "https://registry.yarnpkg.com/brcast/-/brcast-3.0.1.tgz#6256a8349b20de9eed44257a9b24d71493cd48dd"
  integrity sha512-eI3yqf9YEqyGl9PCNTR46MGvDylGtaHjalcz6Q3fAPnP/PhpKkkve52vFdfGpwp4VUvK6LUr4TQN+2stCrEwTg==

change-emitter@^0.1.2:
  version "0.1.6"
  resolved "https://registry.yarnpkg.com/change-emitter/-/change-emitter-0.1.6.tgz#e8b2fe3d7f1ab7d69a32199aff91ea6931409515"
  integrity sha1-6LL+PX8at9aaMhma/5HqaTFAlRU=

classnames@^2.2.5:
  version "2.2.6"
  resolved "https://registry.yarnpkg.com/classnames/-/classnames-2.2.6.tgz#43935bffdd291f326dad0a205309b38d00f650ce"
  integrity sha512-JR/iSQOSt+LQIWwrwEzJ9uk0xfN3mTVYMwt1Ir5mUcSN6pU+V4zQFFaJsclJbPuAUQH+yfWef6tm7l1quW3C8Q==

core-js@^1.0.0:
  version "1.2.7"
  resolved "https://registry.yarnpkg.com/core-js/-/core-js-1.2.7.tgz#652294c14651db28fa93bd2d5ff2983a4f08c636"
  integrity sha1-ZSKUwUZR2yj6k70tX/KYOk8IxjY=

css-vendor@^0.3.8:
  version "0.3.8"
  resolved "https://registry.yarnpkg.com/css-vendor/-/css-vendor-0.3.8.tgz#6421cfd3034ce664fe7673972fd0119fc28941fa"
  integrity sha1-ZCHP0wNM5mT+dnOXL9ARn8KJQfo=
  dependencies:
    is-in-browser "^1.0.2"

css-vendor@^1.1.0:
  version "1.2.1"
  resolved "https://registry.yarnpkg.com/css-vendor/-/css-vendor-1.2.1.tgz#21b914913d3a68bab2708090dab2e61db7c9eaec"
  integrity sha512-ZpwiWxn5jWNJ7NF3DAb/Dc/+c2lRu+fnovej/adCv3VJsULJSjdXEpUwRcq4fnpAAh98Hi7b0GDnlyoNFcdv1g==
  dependencies:
    "@babel/runtime" "^7.3.1"
    is-in-browser "^1.0.2"

csstype@^2.0.0, csstype@^2.2.0, csstype@^2.5.2:
  version "2.5.7"
  resolved "https://registry.yarnpkg.com/csstype/-/csstype-2.5.7.tgz#bf9235d5872141eccfb2d16d82993c6b149179ff"
  integrity sha512-Nt5VDyOTIIV4/nRFswoCKps1R5CD1hkiyjBE9/thNaNZILLEviVw9yWQw15+O+CpNjQKB/uvdcxFFOrSflY3Yw==

debounce@^1.1.0:
  version "1.2.0"
  resolved "https://registry.yarnpkg.com/debounce/-/debounce-1.2.0.tgz#44a540abc0ea9943018dc0eaa95cce87f65cd131"
  integrity sha512-mYtLl1xfZLi1m4RtQYlZgJUNQjl4ZxVnHzIR8nLLgi4q1YT8o/WM+MK/f8yfcc9s5Ir5zRaPZyZU6xs1Syoocg==

deepmerge@^3.0.0:
  version "3.2.0"
  resolved "https://registry.yarnpkg.com/deepmerge/-/deepmerge-3.2.0.tgz#58ef463a57c08d376547f8869fdc5bcee957f44e"
  integrity sha512-6+LuZGU7QCNUnAJyX8cIrlzoEgggTM6B7mm+znKOX4t5ltluT9KLjN6g61ECMS0LTsLW7yDpNoxhix5FZcrIow==

dom-helpers@^3.2.1, dom-helpers@^3.3.1:
  version "3.3.1"
  resolved "https://registry.yarnpkg.com/dom-helpers/-/dom-helpers-3.3.1.tgz#fc1a4e15ffdf60ddde03a480a9c0fece821dd4a6"
  integrity sha512-2Sm+JaYn74OiTM2wHvxJOo3roiq/h25Yi69Fqk269cNUwIXsCvATB6CRSFC9Am/20G2b28hGv/+7NiWydIrPvg==

encoding@^0.1.11:
  version "0.1.12"
  resolved "https://registry.yarnpkg.com/encoding/-/encoding-0.1.12.tgz#538b66f3ee62cd1ab51ec323829d1f9480c74beb"
  integrity sha1-U4tm8+5izRq1HsMjgp0flIDHS+s=
  dependencies:
    iconv-lite "~0.4.13"

fbjs@^0.8.1:
  version "0.8.17"
  resolved "https://registry.yarnpkg.com/fbjs/-/fbjs-0.8.17.tgz#c4d598ead6949112653d6588b01a5cdcd9f90fdd"
  integrity sha1-xNWY6taUkRJlPWWIsBpc3Nn5D90=
  dependencies:
    core-js "^1.0.0"
    isomorphic-fetch "^2.1.1"
    loose-envify "^1.0.0"
    object-assign "^4.1.0"
    promise "^7.1.1"
    setimmediate "^1.0.5"
    ua-parser-js "^0.7.18"

hoist-non-react-statics@^2.3.1:
  version "2.5.5"
  resolved "https://registry.yarnpkg.com/hoist-non-react-statics/-/hoist-non-react-statics-2.5.5.tgz#c5903cf409c0dfd908f388e619d86b9c1174cb47"
  integrity sha512-rqcy4pJo55FTTLWt+bU8ukscqHeE/e9KWvsOW2b/a3afxQZhwkQdT1rPPCJ0rYXdj4vNcasY8zHTH+jF/qStxw==

hoist-non-react-statics@^3.2.1:
  version "3.3.0"
  resolved "https://registry.yarnpkg.com/hoist-non-react-statics/-/hoist-non-react-statics-3.3.0.tgz#b09178f0122184fb95acf525daaecb4d8f45958b"
  integrity sha512-0XsbTXxgiaCDYDIWFcwkmerZPSwywfUqYmwT4jzewKTQSWoE6FCMoUVOeBJWK3E/CrWbxRG3m5GzY4lnIwGRBA==
  dependencies:
    react-is "^16.7.0"

hyphenate-style-name@^1.0.2:
  version "1.0.2"
  resolved "https://registry.yarnpkg.com/hyphenate-style-name/-/hyphenate-style-name-1.0.2.tgz#31160a36930adaf1fc04c6074f7eb41465d4ec4b"
  integrity sha1-MRYKNpMK2vH8BMYHT360FGXU7Es=

iconv-lite@~0.4.13:
  version "0.4.24"
  resolved "https://registry.yarnpkg.com/iconv-lite/-/iconv-lite-0.4.24.tgz#2022b4b25fbddc21d2f524974a474aafe733908b"
  integrity sha512-v3MXnZAcvnywkTUEZomIActle7RXXeedOR31wwl7VlyoXO4Qi9arvSenNQWne1TcRwhCL1HwLI21bEqdpj8/rA==
  dependencies:
    safer-buffer ">= 2.1.2 < 3"

indefinite-observable@^1.0.1:
  version "1.0.1"
  resolved "https://registry.yarnpkg.com/indefinite-observable/-/indefinite-observable-1.0.1.tgz#09915423cc8d6f7eb1cb7882ad134633c9a6edc3"
  integrity sha1-CZFUI8yNb36xy3iCrRNGM8mm7cM=
  dependencies:
    symbol-observable "1.0.4"

is-in-browser@^1.0.2, is-in-browser@^1.1.3:
  version "1.1.3"
  resolved "https://registry.yarnpkg.com/is-in-browser/-/is-in-browser-1.1.3.tgz#56ff4db683a078c6082eb95dad7dc62e1d04f835"
  integrity sha1-Vv9NtoOgeMYILrldrX3GLh0E+DU=

is-plain-object@^2.0.4:
  version "2.0.4"
  resolved "https://registry.yarnpkg.com/is-plain-object/-/is-plain-object-2.0.4.tgz#2c163b3fafb1b606d9d17928f05c2a1c38e07677"
  integrity sha512-h5PpgXkWitc38BBMYawTYMWJHFZJVnBquFE57xFpjB8pJFiF6gZ+bU+WyI/yqXiFR5mdLsgYNaPe8uao6Uv9Og==
  dependencies:
    isobject "^3.0.1"

is-stream@^1.0.1:
  version "1.1.0"
  resolved "https://registry.yarnpkg.com/is-stream/-/is-stream-1.1.0.tgz#12d4a3dd4e68e0b79ceb8dbc84173ae80d91ca44"
  integrity sha1-EtSj3U5o4Lec6428hBc66A2RykQ=

isobject@^3.0.1:
  version "3.0.1"
  resolved "https://registry.yarnpkg.com/isobject/-/isobject-3.0.1.tgz#4e431e92b11a9731636aa1f9c8d1ccbcfdab78df"
  integrity sha1-TkMekrEalzFjaqH5yNHMvP2reN8=

isomorphic-fetch@^2.1.1:
  version "2.2.1"
  resolved "https://registry.yarnpkg.com/isomorphic-fetch/-/isomorphic-fetch-2.2.1.tgz#611ae1acf14f5e81f729507472819fe9733558a9"
  integrity sha1-YRrhrPFPXoH3KVB0coGf6XM1WKk=
  dependencies:
    node-fetch "^1.0.1"
    whatwg-fetch ">=0.10.0"

"js-tokens@^3.0.0 || ^4.0.0":
  version "4.0.0"
  resolved "https://registry.yarnpkg.com/js-tokens/-/js-tokens-4.0.0.tgz#19203fb59991df98e3a287050d4647cdeaf32499"
  integrity sha512-RdJUflcE3cUzKiMqQgsCu06FPu9UdIJO0beYbPhHN4k6apgJtifcoCtT9bcxOpYBtpD2kCM6Sbzg4CausW/PKQ==

jss-camel-case@^6.0.0:
  version "6.1.0"
  resolved "https://registry.yarnpkg.com/jss-camel-case/-/jss-camel-case-6.1.0.tgz#ccb1ff8d6c701c02a1fed6fb6fb6b7896e11ce44"
  integrity sha512-HPF2Q7wmNW1t79mCqSeU2vdd/vFFGpkazwvfHMOhPlMgXrJDzdj9viA2SaHk9ZbD5pfL63a8ylp4++irYbbzMQ==
  dependencies:
    hyphenate-style-name "^1.0.2"

jss-default-unit@^8.0.2:
  version "8.0.2"
  resolved "https://registry.yarnpkg.com/jss-default-unit/-/jss-default-unit-8.0.2.tgz#cc1e889bae4c0b9419327b314ab1c8e2826890e6"
  integrity sha512-WxNHrF/18CdoAGw2H0FqOEvJdREXVXLazn7PQYU7V6/BWkCV0GkmWsppNiExdw8dP4TU1ma1dT9zBNJ95feLmg==

jss-global@^3.0.0:
  version "3.0.0"
  resolved "https://registry.yarnpkg.com/jss-global/-/jss-global-3.0.0.tgz#e19e5c91ab2b96353c227e30aa2cbd938cdaafa2"
  integrity sha512-wxYn7vL+TImyQYGAfdplg7yaxnPQ9RaXY/cIA8hawaVnmmWxDHzBK32u1y+RAvWboa3lW83ya3nVZ/C+jyjZ5Q==

jss-nested@^6.0.1:
  version "6.0.1"
  resolved "https://registry.yarnpkg.com/jss-nested/-/jss-nested-6.0.1.tgz#ef992b79d6e8f63d939c4397b9d99b5cbbe824ca"
  integrity sha512-rn964TralHOZxoyEgeq3hXY8hyuCElnvQoVrQwKHVmu55VRDd6IqExAx9be5HgK0yN/+hQdgAXQl/GUrBbbSTA==
  dependencies:
    warning "^3.0.0"

jss-plugin-camel-case@^10.0.0-alpha.7:
  version "10.0.0-alpha.7"
  resolved "https://registry.yarnpkg.com/jss-plugin-camel-case/-/jss-plugin-camel-case-10.0.0-alpha.7.tgz#7dcbd9acb6682f3102cb2d3356b4fd9642d93f17"
  integrity sha512-Bwrav1ZB0XywdJW6TaEuFhKe1ZpZvUlESh3jsFOvebA9aFTYNCkmHMEqjA5+u9VMxksl3u77nnZHtukpxkzrBA==
  dependencies:
    "@babel/runtime" "^7.0.0"
    hyphenate-style-name "^1.0.2"

jss-plugin-default-unit@^10.0.0-alpha.7:
  version "10.0.0-alpha.7"
  resolved "https://registry.yarnpkg.com/jss-plugin-default-unit/-/jss-plugin-default-unit-10.0.0-alpha.7.tgz#f6dd0a03d545e7bf243c062bae3a832ac8c5ff6d"
  integrity sha512-auuJUbQaWMxoHOVFPrfZNZpZm9ab8PZeDyvey8nMt2lbokkmZ53UyAnM/1kNsg5BdAXTItcLDxDB3I4gwNU84g==
  dependencies:
    "@babel/runtime" "^7.0.0"

jss-plugin-global@^10.0.0-alpha.7:
  version "10.0.0-alpha.7"
  resolved "https://registry.yarnpkg.com/jss-plugin-global/-/jss-plugin-global-10.0.0-alpha.7.tgz#38ca390802b62da490afbaafc581552a81977729"
  integrity sha512-OWeoW4szLDgRUKviST+xfilqa8O5uXJCW+O3YonheCRTRJg6rRzlE/b5pfYPoU9UtwvY9n7JvwBX5r3c1lMsEQ==
  dependencies:
    "@babel/runtime" "^7.0.0"

jss-plugin-nested@^10.0.0-alpha.7:
  version "10.0.0-alpha.7"
  resolved "https://registry.yarnpkg.com/jss-plugin-nested/-/jss-plugin-nested-10.0.0-alpha.7.tgz#03a89c8f7c1d570a3d5f16dae3e61f7f2edb0316"
  integrity sha512-wsRzuIZXAc6WMjc61mREW9cUrDxgSI7dK/fx5c7a06IDUfSn+83NJ30J/RB4oBnbQW9SijV/muujz7IJqpn9Gw==
  dependencies:
    "@babel/runtime" "^7.0.0"
    tiny-warning "^1.0.2"

jss-plugin-props-sort@^10.0.0-alpha.7:
  version "10.0.0-alpha.7"
  resolved "https://registry.yarnpkg.com/jss-plugin-props-sort/-/jss-plugin-props-sort-10.0.0-alpha.7.tgz#46f1809fcae0acc048d0047aa54a4b9b6973597d"
  integrity sha512-KXOCaHUk1+KXqE0z3q66/w1fDoy+VsZvI77gLxOqTsTrvIKFLX0jarwXogW3CDlaPQQFTZ6JykJJXtPRTBlstA==
  dependencies:
    "@babel/runtime" "^7.0.0"

jss-plugin-rule-value-function@^10.0.0-alpha.7:
  version "10.0.0-alpha.7"
  resolved "https://registry.yarnpkg.com/jss-plugin-rule-value-function/-/jss-plugin-rule-value-function-10.0.0-alpha.7.tgz#63df1078ac361dda67996e25291d90f7226ae59a"
  integrity sha512-ett83hvIM69/LknmrWndrrdiDlfLfP+rneU5qP7gTOWJ7g1P9GuEL1Tc4CWdZUWBX+T58tgIBP0V1pzWCkP0QA==
  dependencies:
    "@babel/runtime" "^7.0.0"

jss-plugin-vendor-prefixer@^10.0.0-alpha.7:
  version "10.0.0-alpha.7"
  resolved "https://registry.yarnpkg.com/jss-plugin-vendor-prefixer/-/jss-plugin-vendor-prefixer-10.0.0-alpha.7.tgz#caa34eb0bc39f0c98f425e174fc220d1f1a8760a"
  integrity sha512-YbIVgqq+dLimOBOEYggho1Iuc0roz4PJSZYyaok9n8JnXVIqPnxYJbr8+bMbvzJ5CL3eeJij/e7L2IPCceRKrA==
  dependencies:
    "@babel/runtime" "^7.0.0"
    css-vendor "^1.1.0"

jss-props-sort@^6.0.0:
  version "6.0.0"
  resolved "https://registry.yarnpkg.com/jss-props-sort/-/jss-props-sort-6.0.0.tgz#9105101a3b5071fab61e2d85ea74cc22e9b16323"
  integrity sha512-E89UDcrphmI0LzmvYk25Hp4aE5ZBsXqMWlkFXS0EtPkunJkRr+WXdCNYbXbksIPnKlBenGB9OxzQY+mVc70S+g==

jss-vendor-prefixer@^7.0.0:
  version "7.0.0"
  resolved "https://registry.yarnpkg.com/jss-vendor-prefixer/-/jss-vendor-prefixer-7.0.0.tgz#0166729650015ef19d9f02437c73667231605c71"
  integrity sha512-Agd+FKmvsI0HLcYXkvy8GYOw3AAASBUpsmIRvVQheps+JWaN892uFOInTr0DRydwaD91vSSUCU4NssschvF7MA==
  dependencies:
    css-vendor "^0.3.8"

jss@^10.0.0-alpha.7:
  version "10.0.0-alpha.16"
  resolved "https://registry.yarnpkg.com/jss/-/jss-10.0.0-alpha.16.tgz#0555e8b667e08dbd2cc94f6125be5a8b8b022833"
  integrity sha512-HmKNNnr82TR5jkWjBcbrx/uim2ief588pWp7zsf4GQpL125zRkEaWYL1SXv5bR6bBvAoTtvJsTAOxDIlLxUNZg==
  dependencies:
    "@babel/runtime" "^7.3.1"
    is-in-browser "^1.1.3"
    tiny-warning "^1.0.2"

jss@^9.8.7:
  version "9.8.7"
  resolved "https://registry.yarnpkg.com/jss/-/jss-9.8.7.tgz#ed9763fc0f2f0260fc8260dac657af61e622ce05"
  integrity sha512-awj3XRZYxbrmmrx9LUSj5pXSUfm12m8xzi/VKeqI1ZwWBtQ0kVPTs3vYs32t4rFw83CgFDukA8wKzOE9sMQnoQ==
  dependencies:
    is-in-browser "^1.1.3"
    symbol-observable "^1.1.0"
    warning "^3.0.0"

loose-envify@^1.0.0, loose-envify@^1.3.1:
  version "1.4.0"
  resolved "https://registry.yarnpkg.com/loose-envify/-/loose-envify-1.4.0.tgz#71ee51fa7be4caec1a63839f7e682d8132d30caf"
  integrity sha512-lyuxPGr/Wfhrlem2CL/UcnUc1zcqKAImBDzukY7Y5F/yQiNdko6+fRLevlw1HgMySw7f611UIY408EtxRSoK3Q==
  dependencies:
    js-tokens "^3.0.0 || ^4.0.0"

node-fetch@^1.0.1:
  version "1.7.3"
  resolved "https://registry.yarnpkg.com/node-fetch/-/node-fetch-1.7.3.tgz#980f6f72d85211a5347c6b2bc18c5b84c3eb47ef"
  integrity sha512-NhZ4CsKx7cYm2vSrBAr2PvFOe6sWDf0UYLRqA6svUYg7+/TSfVAu49jYC4BvQ4Sms9SZgdqGBgroqfDhJdTyKQ==
  dependencies:
    encoding "^0.1.11"
    is-stream "^1.0.1"

normalize-scroll-left@^0.1.2:
  version "0.1.2"
  resolved "https://registry.yarnpkg.com/normalize-scroll-left/-/normalize-scroll-left-0.1.2.tgz#6b79691ba79eb5fb107fa5edfbdc06b55caee2aa"
  integrity sha512-F9YMRls0zCF6BFIE2YnXDRpHPpfd91nOIaNdDgrx5YMoPLo8Wqj+6jNXHQsYBavJeXP4ww8HCt0xQAKc5qk2Fg==

object-assign@^4.1.0, object-assign@^4.1.1:
  version "4.1.1"
  resolved "https://registry.yarnpkg.com/object-assign/-/object-assign-4.1.1.tgz#2109adc7965887cfc05cbbd442cac8bfbb360863"
  integrity sha1-IQmtx5ZYh8/AXLvUQsrIv7s2CGM=

popper.js@^1.14.1:
  version "1.14.4"
  resolved "https://registry.yarnpkg.com/popper.js/-/popper.js-1.14.4.tgz#8eec1d8ff02a5a3a152dd43414a15c7b79fd69b6"
  integrity sha1-juwdj/AqWjoVLdQ0FKFce3n9abY=

promise@^7.1.1:
  version "7.3.1"
  resolved "https://registry.yarnpkg.com/promise/-/promise-7.3.1.tgz#064b72602b18f90f29192b8b1bc418ffd1ebd3bf"
  integrity sha512-nolQXZ/4L+bP/UGlkfaIujX9BKxGwmQ9OT4mOt5yvy8iK1h3wqTEJCijzGANTCCl9nWjY41juyAn2K3Q1hLLTg==
  dependencies:
    asap "~2.0.3"

prop-types@^15.6.0, prop-types@^15.6.2:
  version "15.6.2"
  resolved "https://registry.yarnpkg.com/prop-types/-/prop-types-15.6.2.tgz#05d5ca77b4453e985d60fc7ff8c859094a497102"
  integrity sha512-3pboPvLiWD7dkI3qf3KbUe6hKFKa52w+AE0VCqECtf+QHAKgOL37tTaNCnuX1nAAQ4ZhyP+kYVKf8rLmJ/feDQ==
  dependencies:
    loose-envify "^1.3.1"
    object-assign "^4.1.1"

react-event-listener@^0.6.2:
  version "0.6.3"
  resolved "https://registry.yarnpkg.com/react-event-listener/-/react-event-listener-0.6.3.tgz#8eab88129a76e095ed8aa684c29679eded1e843d"
  integrity sha512-21ubz0vpzPL/8YPGkcDs/LFIemxMFPhpXnFKvrm15IA7x/kYzh1Bru3ww/lsZJJ0hCqyhJGjv7Txl/U00Je5SA==
  dependencies:
    "@babel/runtime" "7.0.0-rc.1"
    prop-types "^15.6.0"
    warning "^4.0.1"

react-is@^16.6.3, react-is@^16.7.0:
  version "16.8.3"
  resolved "https://registry.yarnpkg.com/react-is/-/react-is-16.8.3.tgz#4ad8b029c2a718fc0cfc746c8d4e1b7221e5387d"
  integrity sha512-Y4rC1ZJmsxxkkPuMLwvKvlL1Zfpbcu+Bf4ZigkHup3v9EfdYhAlWAaVyA19olXq2o2mGn0w+dFKvk3pVVlYcIA==

react-lifecycles-compat@^3.0.2, react-lifecycles-compat@^3.0.4:
  version "3.0.4"
  resolved "https://registry.yarnpkg.com/react-lifecycles-compat/-/react-lifecycles-compat-3.0.4.tgz#4f1a273afdfc8f3488a8c516bfda78f872352362"
  integrity sha512-fBASbA6LnOU9dOU2eW7aQ8xmYBSXUIWr+UmF9b1efZBazGNO+rcXT/icdKnYm2pTwcRylVUYwW7H1PHfLekVzA==

react-transition-group@^2.2.1:
  version "2.4.0"
  resolved "https://registry.yarnpkg.com/react-transition-group/-/react-transition-group-2.4.0.tgz#1d9391fabfd82e016f26fabd1eec329dbd922b5a"
  integrity sha512-Xv5d55NkJUxUzLCImGSanK8Cl/30sgpOEMGc5m86t8+kZwrPxPCPcFqyx83kkr+5Lz5gs6djuvE5By+gce+VjA==
  dependencies:
    dom-helpers "^3.3.1"
    loose-envify "^1.3.1"
    prop-types "^15.6.2"
    react-lifecycles-compat "^3.0.4"

"recompose@0.28.0 - 0.30.0":
  version "0.30.0"
  resolved "https://registry.yarnpkg.com/recompose/-/recompose-0.30.0.tgz#82773641b3927e8c7d24a0d87d65aeeba18aabd0"
  integrity sha512-ZTrzzUDa9AqUIhRk4KmVFihH0rapdCSMFXjhHbNrjAWxBuUD/guYlyysMnuHjlZC/KRiOKRtB4jf96yYSkKE8w==
  dependencies:
    "@babel/runtime" "^7.0.0"
    change-emitter "^0.1.2"
    fbjs "^0.8.1"
    hoist-non-react-statics "^2.3.1"
    react-lifecycles-compat "^3.0.2"
    symbol-observable "^1.0.4"

regenerator-runtime@^0.12.0:
  version "0.12.1"
  resolved "https://registry.yarnpkg.com/regenerator-runtime/-/regenerator-runtime-0.12.1.tgz#fa1a71544764c036f8c49b13a08b2594c9f8a0de"
  integrity sha512-odxIc1/vDlo4iZcfXqRYFj0vpXFNoGdKMAUieAlFYO6m/nl5e9KR/beGf41z4a1FI+aQgtjhuaSlDxQ0hmkrHg==

regenerator-runtime@^0.13.2:
  version "0.13.2"
  resolved "https://registry.yarnpkg.com/regenerator-runtime/-/regenerator-runtime-0.13.2.tgz#32e59c9a6fb9b1a4aff09b4930ca2d4477343447"
  integrity sha512-S/TQAZJO+D3m9xeN1WTI8dLKBBiRgXBlTJvbWjCThHWZj9EvHK70Ff50/tYj2J/fvBY6JtFVwRuazHN2E7M9BA==

"safer-buffer@>= 2.1.2 < 3":
  version "2.1.2"
  resolved "https://registry.yarnpkg.com/safer-buffer/-/safer-buffer-2.1.2.tgz#44fa161b0187b9549dd84bb91802f9bd8385cd6a"
  integrity sha512-YZo3K82SD7Riyi0E1EQPojLz7kpepnSQI9IyPbHHg1XXXevb5dJI7tpyN2ADxGcQbHG7vcyRHk0cbwqcQriUtg==

setimmediate@^1.0.5:
  version "1.0.5"
  resolved "https://registry.yarnpkg.com/setimmediate/-/setimmediate-1.0.5.tgz#290cbb232e306942d7d7ea9b83732ab7856f8285"
  integrity sha1-KQy7Iy4waULX1+qbg3Mqt4VvgoU=

symbol-observable@1.0.4:
  version "1.0.4"
  resolved "https://registry.yarnpkg.com/symbol-observable/-/symbol-observable-1.0.4.tgz#29bf615d4aa7121bdd898b22d4b3f9bc4e2aa03d"
  integrity sha1-Kb9hXUqnEhvdiYsi1LP5vE4qoD0=

symbol-observable@^1.0.4, symbol-observable@^1.1.0:
  version "1.2.0"
  resolved "https://registry.yarnpkg.com/symbol-observable/-/symbol-observable-1.2.0.tgz#c22688aed4eab3cdc2dfeacbb561660560a00804"
  integrity sha512-e900nM8RRtGhlV36KGEU9k65K3mPb1WV70OdjfxlG2EAuM1noi/E/BaW/uMhL7bPEssK8QV57vN3esixjUvcXQ==

tiny-warning@^1.0.2:
  version "1.0.2"
  resolved "https://registry.yarnpkg.com/tiny-warning/-/tiny-warning-1.0.2.tgz#1dfae771ee1a04396bdfde27a3adcebc6b648b28"
  integrity sha512-rru86D9CpQRLvsFG5XFdy0KdLAvjdQDyZCsRcuu60WtzFylDM3eAWSxEVz5kzL2Gp544XiUvPbVKtOA/txLi9Q==

tslib@^1.9.3:
  version "1.9.3"
  resolved "https://registry.yarnpkg.com/tslib/-/tslib-1.9.3.tgz#d7e4dd79245d85428c4d7e4822a79917954ca286"
  integrity sha512-4krF8scpejhaOgqzBEcGM7yDIEfi0/8+8zDRZhNZZ2kjmHJ4hv3zCbQWxoJGz1iw5U0Jl0nma13xzHXcncMavQ==

typescript@^3.0.3:
  version "3.0.3"
  resolved "https://registry.yarnpkg.com/typescript/-/typescript-3.0.3.tgz#4853b3e275ecdaa27f78fda46dc273a7eb7fc1c8"
  integrity sha512-kk80vLW9iGtjMnIv11qyxLqZm20UklzuR2tL0QAnDIygIUIemcZMxlMWudl9OOt76H3ntVzcTiddQ1/pAAJMYg==

ua-parser-js@^0.7.18:
  version "0.7.18"
  resolved "https://registry.yarnpkg.com/ua-parser-js/-/ua-parser-js-0.7.18.tgz#a7bfd92f56edfb117083b69e31d2aa8882d4b1ed"
  integrity sha512-LtzwHlVHwFGTptfNSgezHp7WUlwiqb0gA9AALRbKaERfxwJoiX0A73QbTToxteIAuIaFshhgIZfqK8s7clqgnA==

warning@^3.0.0:
  version "3.0.0"
  resolved "https://registry.yarnpkg.com/warning/-/warning-3.0.0.tgz#32e5377cb572de4ab04753bdf8821c01ed605b7c"
  integrity sha1-MuU3fLVy3kqwR1O9+IIcAe1gW3w=
  dependencies:
    loose-envify "^1.0.0"

warning@^4.0.1:
  version "4.0.2"
  resolved "https://registry.yarnpkg.com/warning/-/warning-4.0.2.tgz#aa6876480872116fa3e11d434b0d0d8d91e44607"
  integrity sha512-wbTp09q/9C+jJn4KKJfJfoS6VleK/Dti0yqWSm6KMvJ4MRCXFQNapHuJXutJIrWV0Cf4AhTdeIe4qdKHR1+Hug==
  dependencies:
    loose-envify "^1.0.0"

whatwg-fetch@>=0.10.0:
  version "3.0.0"
  resolved "https://registry.yarnpkg.com/whatwg-fetch/-/whatwg-fetch-3.0.0.tgz#fc804e458cc460009b1a2b966bc8817d2578aefb"
  integrity sha512-9GSJUgz1D4MfyKU7KRqwOjXCXTqWdFNvEr7eUBYchQiVc744mqK/MzXPNR2WsPkmkOa4ywfg8C2n8h+13Bey1Q==
